
Microsoft Visual Studio Solution File, Format Version 12.00
# Visual Studio 15
VisualStudioVersion = 15.0.28307.645
MinimumVisualStudioVersion = 10.0.40219.1
Project("{FAE04EC0-301F-11D3-BF4B-00C04F79EFBC}") = "AddressBookApp", "AddressBookApp\AddressBookApp.csproj", "{25B506E0-2015-4400-A026-344053CD0621}"
EndProject
Global
	GlobalSection(SolutionConfigurationPlatforms) = preSolution
		Debug|Any CPU = Debug|Any CPU
		Release|Any CPU = Release|Any CPU
	EndGlobalSection
	GlobalSection(ProjectConfigurationPlatforms) = postSolution
		{25B506E0-2015-4400-A026-344053CD0621}.Debug|Any CPU.ActiveCfg = Debug|Any CPU
		{25B506E0-2015-4400-A026-344053CD0621}.Debug|Any CPU.Build.0 = Debug|Any CPU
		{25B506E0-2015-4400-A026-344053CD0621}.Release|Any CPU.ActiveCfg = Release|Any CPU
		{25B506E0-2015-4400-A026-344053CD0621}.Release|Any CPU.Build.0 = Release|Any CPU
	EndGlobalSection
	GlobalSection(SolutionProperties) = preSolution
		HideSolutionNode = FALSE
	EndGlobalSection
	GlobalSection(ExtensibilityGlobals) = postSolution
		SolutionGuid = {0E77F9F2-BD32-416F-A7D1-1EB636D72981}
	EndGlobalSection
EndGlobal
