
Microsoft Visual Studio Solution File, Format Version 12.00
# Visual Studio 15
VisualStudioVersion = 15.0.28307.645
MinimumVisualStudioVersion = 10.0.40219.1
Project("{FAE04EC0-301F-11D3-BF4B-00C04F79EFBC}") = "DepartmentForm", "DepartmentForm\DepartmentForm.csproj", "{FD719A2E-4001-4A0D-AAC8-2D1CA42E8A4A}"
EndProject
Global
	GlobalSection(SolutionConfigurationPlatforms) = preSolution
		Debug|Any CPU = Debug|Any CPU
		Release|Any CPU = Release|Any CPU
	EndGlobalSection
	GlobalSection(ProjectConfigurationPlatforms) = postSolution
		{FD719A2E-4001-4A0D-AAC8-2D1CA42E8A4A}.Debug|Any CPU.ActiveCfg = Debug|Any CPU
		{FD719A2E-4001-4A0D-AAC8-2D1CA42E8A4A}.Debug|Any CPU.Build.0 = Debug|Any CPU
		{FD719A2E-4001-4A0D-AAC8-2D1CA42E8A4A}.Release|Any CPU.ActiveCfg = Release|Any CPU
		{FD719A2E-4001-4A0D-AAC8-2D1CA42E8A4A}.Release|Any CPU.Build.0 = Release|Any CPU
	EndGlobalSection
	GlobalSection(SolutionProperties) = preSolution
		HideSolutionNode = FALSE
	EndGlobalSection
	GlobalSection(ExtensibilityGlobals) = postSolution
		SolutionGuid = {D4C4ED45-2B6A-46B2-A12B-1FD633A3DC66}
	EndGlobalSection
EndGlobal
