
Microsoft Visual Studio Solution File, Format Version 12.00
# Visual Studio 15
VisualStudioVersion = 15.0.28307.572
MinimumVisualStudioVersion = 10.0.40219.1
Project("{FAE04EC0-301F-11D3-BF4B-00C04F79EFBC}") = "SoldierScoreApp", "SoldierScoreApp\SoldierScoreApp.csproj", "{854D0BEE-4612-47CA-83D2-4EA804C7ED49}"
EndProject
Global
	GlobalSection(SolutionConfigurationPlatforms) = preSolution
		Debug|Any CPU = Debug|Any CPU
		Release|Any CPU = Release|Any CPU
	EndGlobalSection
	GlobalSection(ProjectConfigurationPlatforms) = postSolution
		{854D0BEE-4612-47CA-83D2-4EA804C7ED49}.Debug|Any CPU.ActiveCfg = Debug|Any CPU
		{854D0BEE-4612-47CA-83D2-4EA804C7ED49}.Debug|Any CPU.Build.0 = Debug|Any CPU
		{854D0BEE-4612-47CA-83D2-4EA804C7ED49}.Release|Any CPU.ActiveCfg = Release|Any CPU
		{854D0BEE-4612-47CA-83D2-4EA804C7ED49}.Release|Any CPU.Build.0 = Release|Any CPU
	EndGlobalSection
	GlobalSection(SolutionProperties) = preSolution
		HideSolutionNode = FALSE
	EndGlobalSection
	GlobalSection(ExtensibilityGlobals) = postSolution
		SolutionGuid = {9DF2AD5A-BE60-4CE3-9B89-C2C483822C84}
	EndGlobalSection
EndGlobal
